
Microsoft Visual Studio Solution File, Format Version 12.00
# Visual Studio 15
VisualStudioVersion = 15.0.28010.2046
MinimumVisualStudioVersion = 10.0.40219.1
Project("{9A19103F-16F7-4668-BE54-9A1E7A4F7556}") = "IFCAnServiceBusMdl", "IFCAnServiceBusMdl\IFCAnServiceBusMdl.csproj", "{82A51A3C-8FF6-492B-969F-7EB8B4A0248B}"
EndProject
Project("{2150E333-8FDC-42A3-9474-1A3956D46DE8}") = "Test", "Test", "{199A53F2-6368-4FA8-8F08-BD4A5BE10E23}"
EndProject
Project("{2150E333-8FDC-42A3-9474-1A3956D46DE8}") = "TestConsoleClient", "TestConsoleClient", "{42053BE3-A659-4519-B5D1-E57AC3CAFE00}"
EndProject
Project("{9A19103F-16F7-4668-BE54-9A1E7A4F7556}") = "XUnitAbpEventBus", "XUnitAbpEventBus\XUnitAbpEventBus.csproj", "{9F320F46-4A40-4F07-AA0A-397A686EF67E}"
EndProject
Project("{9A19103F-16F7-4668-BE54-9A1E7A4F7556}") = "XUnitTestNServiceBus", "XUnitTestNServiceBus\XUnitTestNServiceBus.csproj", "{1F106FB7-D6C1-49EF-9514-C5F5B687C77E}"
EndProject
Project("{9A19103F-16F7-4668-BE54-9A1E7A4F7556}") = "OrderClient", "OrderClient\OrderClient.csproj", "{EB1B449B-D91F-4780-A531-C0E67A0A0F16}"
EndProject
Project("{2150E333-8FDC-42A3-9474-1A3956D46DE8}") = "TestDatas", "TestDatas", "{F9FB096B-6CD9-4698-9CAE-481735619CBA}"
EndProject
Project("{9A19103F-16F7-4668-BE54-9A1E7A4F7556}") = "ServiceBusTestDatas", "ServiceBusTestDatas\ServiceBusTestDatas.csproj", "{EF67DF3E-5D43-4BA8-8C54-EC7093C00700}"
EndProject
Project("{2150E333-8FDC-42A3-9474-1A3956D46DE8}") = "Saga", "Saga", "{3A5B692B-AEEF-4ED8-B689-BE4E2C5469C7}"
EndProject
Project("{9A19103F-16F7-4668-BE54-9A1E7A4F7556}") = "ReservationClient", "ReservationClient\ReservationClient.csproj", "{08C8AB24-7406-4572-89B9-F56A72F99CD6}"
EndProject
Project("{9A19103F-16F7-4668-BE54-9A1E7A4F7556}") = "Customer", "Customer\Customer.csproj", "{75613016-DBD5-444A-B491-2488C1FAFCDD}"
EndProject
Project("{9A19103F-16F7-4668-BE54-9A1E7A4F7556}") = "OrderAggregate", "OrderAggregate\OrderAggregate.csproj", "{CE098B19-A7B9-41BA-802D-C18AF15843BA}"
EndProject
Project("{9A19103F-16F7-4668-BE54-9A1E7A4F7556}") = "PayMentClient", "PayMentClient\PayMentClient.csproj", "{4C8523C9-A6C6-46FD-975E-1B60FC829B20}"
EndProject
Project("{9A19103F-16F7-4668-BE54-9A1E7A4F7556}") = "ReserveClient", "ReserveClient\ReserveClient.csproj", "{DEAFBE62-99C8-48A9-A02D-49E3345000FC}"
EndProject
Project("{9A19103F-16F7-4668-BE54-9A1E7A4F7556}") = "SagaService", "SagaService\SagaService.csproj", "{60D92C46-2EE2-4247-868A-B3B94CB9A4F7}"
EndProject
Project("{9A19103F-16F7-4668-BE54-9A1E7A4F7556}") = "waitListClient", "waitListClient\waitListClient.csproj", "{4EBB7C99-97C0-4808-8B50-5CA4B2CE1762}"
EndProject
Project("{2150E333-8FDC-42A3-9474-1A3956D46DE8}") = "EventCmdData", "EventCmdData", "{797CADBE-8C40-4C2F-8CAA-E68ED3D6C624}"
EndProject
Project("{9A19103F-16F7-4668-BE54-9A1E7A4F7556}") = "EventCmdAllData", "EventCmdAllData\EventCmdAllData.csproj", "{E404A5A6-60F2-4FDC-8D4F-65C587F6B9A1}"
EndProject
Project("{2150E333-8FDC-42A3-9474-1A3956D46DE8}") = "TestBase", "TestBase", "{A0C9E420-51E2-4159-ABEA-0465F07BF071}"
EndProject
Project("{2150E333-8FDC-42A3-9474-1A3956D46DE8}") = "TestCase", "TestCase", "{DC48D60A-0C54-4146-A7C3-DA21BFE9AF4D}"
EndProject
Project("{9A19103F-16F7-4668-BE54-9A1E7A4F7556}") = "NServiceBusTestBase", "NServiceBusTestBase\NServiceBusTestBase.csproj", "{0B64150B-313E-40C1-8A2A-33C43B0950F7}"
EndProject
Project("{9A19103F-16F7-4668-BE54-9A1E7A4F7556}") = "TestNServiceBus_Saga", "TestNServiceBus_Saga\TestNServiceBus_Saga.csproj", "{44A7DD34-1661-4571-A938-70B7BD221B4A}"
EndProject
Project("{2150E333-8FDC-42A3-9474-1A3956D46DE8}") = "TestDatas", "TestDatas", "{26375E5F-ED34-4A32-ACA1-3177BB6B71EF}"
EndProject
Project("{9A19103F-16F7-4668-BE54-9A1E7A4F7556}") = "PayForMeterEventData", "TestDatas\PayForMeterEventData.csproj", "{C70D5990-F936-4546-BB99-1B98BCEB2BB9}"
EndProject
Project("{9A19103F-16F7-4668-BE54-9A1E7A4F7556}") = "PaymentDomain", "PaymentDomain\PaymentDomain.csproj", "{AFAB12D5-4EF8-4E9A-8E74-E36568CFD572}"
EndProject
Project("{9A19103F-16F7-4668-BE54-9A1E7A4F7556}") = "PaymentInfrastructure", "PaymentInfrastructure\PaymentInfrastructure.csproj", "{70F4C9C0-6361-4D6F-91DF-31A3D46DC413}"
EndProject
Project("{9A19103F-16F7-4668-BE54-9A1E7A4F7556}") = "PaymentForMeterEFCoreTest", "PaymentForMeterEFCoreTest\PaymentForMeterEFCoreTest.csproj", "{4DB25CD3-7CFA-4DBF-A4EE-1F5334AD16DC}"
EndProject
Project("{2150E333-8FDC-42A3-9474-1A3956D46DE8}") = "Saga", "Saga", "{9C137CBB-B2AE-426F-B4BE-F39C6FE2F2DC}"
EndProject
Project("{9A19103F-16F7-4668-BE54-9A1E7A4F7556}") = "SagasMdl", "SagasMdl\SagasMdl.csproj", "{5250F861-743A-4C34-955F-3683E3271B1F}"
EndProject
Global
	GlobalSection(SolutionConfigurationPlatforms) = preSolution
		Debug|Any CPU = Debug|Any CPU
		Release|Any CPU = Release|Any CPU
	EndGlobalSection
	GlobalSection(ProjectConfigurationPlatforms) = postSolution
		{82A51A3C-8FF6-492B-969F-7EB8B4A0248B}.Debug|Any CPU.ActiveCfg = Debug|Any CPU
		{82A51A3C-8FF6-492B-969F-7EB8B4A0248B}.Debug|Any CPU.Build.0 = Debug|Any CPU
		{82A51A3C-8FF6-492B-969F-7EB8B4A0248B}.Release|Any CPU.ActiveCfg = Release|Any CPU
		{82A51A3C-8FF6-492B-969F-7EB8B4A0248B}.Release|Any CPU.Build.0 = Release|Any CPU
		{9F320F46-4A40-4F07-AA0A-397A686EF67E}.Debug|Any CPU.ActiveCfg = Debug|Any CPU
		{9F320F46-4A40-4F07-AA0A-397A686EF67E}.Debug|Any CPU.Build.0 = Debug|Any CPU
		{9F320F46-4A40-4F07-AA0A-397A686EF67E}.Release|Any CPU.ActiveCfg = Release|Any CPU
		{9F320F46-4A40-4F07-AA0A-397A686EF67E}.Release|Any CPU.Build.0 = Release|Any CPU
		{1F106FB7-D6C1-49EF-9514-C5F5B687C77E}.Debug|Any CPU.ActiveCfg = Debug|Any CPU
		{1F106FB7-D6C1-49EF-9514-C5F5B687C77E}.Debug|Any CPU.Build.0 = Debug|Any CPU
		{1F106FB7-D6C1-49EF-9514-C5F5B687C77E}.Release|Any CPU.ActiveCfg = Release|Any CPU
		{1F106FB7-D6C1-49EF-9514-C5F5B687C77E}.Release|Any CPU.Build.0 = Release|Any CPU
		{EB1B449B-D91F-4780-A531-C0E67A0A0F16}.Debug|Any CPU.ActiveCfg = Debug|Any CPU
		{EB1B449B-D91F-4780-A531-C0E67A0A0F16}.Debug|Any CPU.Build.0 = Debug|Any CPU
		{EB1B449B-D91F-4780-A531-C0E67A0A0F16}.Release|Any CPU.ActiveCfg = Release|Any CPU
		{EB1B449B-D91F-4780-A531-C0E67A0A0F16}.Release|Any CPU.Build.0 = Release|Any CPU
		{EF67DF3E-5D43-4BA8-8C54-EC7093C00700}.Debug|Any CPU.ActiveCfg = Debug|Any CPU
		{EF67DF3E-5D43-4BA8-8C54-EC7093C00700}.Debug|Any CPU.Build.0 = Debug|Any CPU
		{EF67DF3E-5D43-4BA8-8C54-EC7093C00700}.Release|Any CPU.ActiveCfg = Release|Any CPU
		{EF67DF3E-5D43-4BA8-8C54-EC7093C00700}.Release|Any CPU.Build.0 = Release|Any CPU
		{08C8AB24-7406-4572-89B9-F56A72F99CD6}.Debug|Any CPU.ActiveCfg = Debug|Any CPU
		{08C8AB24-7406-4572-89B9-F56A72F99CD6}.Debug|Any CPU.Build.0 = Debug|Any CPU
		{08C8AB24-7406-4572-89B9-F56A72F99CD6}.Release|Any CPU.ActiveCfg = Release|Any CPU
		{08C8AB24-7406-4572-89B9-F56A72F99CD6}.Release|Any CPU.Build.0 = Release|Any CPU
		{75613016-DBD5-444A-B491-2488C1FAFCDD}.Debug|Any CPU.ActiveCfg = Debug|Any CPU
		{75613016-DBD5-444A-B491-2488C1FAFCDD}.Debug|Any CPU.Build.0 = Debug|Any CPU
		{75613016-DBD5-444A-B491-2488C1FAFCDD}.Release|Any CPU.ActiveCfg = Release|Any CPU
		{75613016-DBD5-444A-B491-2488C1FAFCDD}.Release|Any CPU.Build.0 = Release|Any CPU
		{CE098B19-A7B9-41BA-802D-C18AF15843BA}.Debug|Any CPU.ActiveCfg = Debug|Any CPU
		{CE098B19-A7B9-41BA-802D-C18AF15843BA}.Debug|Any CPU.Build.0 = Debug|Any CPU
		{CE098B19-A7B9-41BA-802D-C18AF15843BA}.Release|Any CPU.ActiveCfg = Release|Any CPU
		{CE098B19-A7B9-41BA-802D-C18AF15843BA}.Release|Any CPU.Build.0 = Release|Any CPU
		{4C8523C9-A6C6-46FD-975E-1B60FC829B20}.Debug|Any CPU.ActiveCfg = Debug|Any CPU
		{4C8523C9-A6C6-46FD-975E-1B60FC829B20}.Debug|Any CPU.Build.0 = Debug|Any CPU
		{4C8523C9-A6C6-46FD-975E-1B60FC829B20}.Release|Any CPU.ActiveCfg = Release|Any CPU
		{4C8523C9-A6C6-46FD-975E-1B60FC829B20}.Release|Any CPU.Build.0 = Release|Any CPU
		{DEAFBE62-99C8-48A9-A02D-49E3345000FC}.Debug|Any CPU.ActiveCfg = Debug|Any CPU
		{DEAFBE62-99C8-48A9-A02D-49E3345000FC}.Debug|Any CPU.Build.0 = Debug|Any CPU
		{DEAFBE62-99C8-48A9-A02D-49E3345000FC}.Release|Any CPU.ActiveCfg = Release|Any CPU
		{DEAFBE62-99C8-48A9-A02D-49E3345000FC}.Release|Any CPU.Build.0 = Release|Any CPU
		{60D92C46-2EE2-4247-868A-B3B94CB9A4F7}.Debug|Any CPU.ActiveCfg = Debug|Any CPU
		{60D92C46-2EE2-4247-868A-B3B94CB9A4F7}.Debug|Any CPU.Build.0 = Debug|Any CPU
		{60D92C46-2EE2-4247-868A-B3B94CB9A4F7}.Release|Any CPU.ActiveCfg = Release|Any CPU
		{60D92C46-2EE2-4247-868A-B3B94CB9A4F7}.Release|Any CPU.Build.0 = Release|Any CPU
		{4EBB7C99-97C0-4808-8B50-5CA4B2CE1762}.Debug|Any CPU.ActiveCfg = Debug|Any CPU
		{4EBB7C99-97C0-4808-8B50-5CA4B2CE1762}.Debug|Any CPU.Build.0 = Debug|Any CPU
		{4EBB7C99-97C0-4808-8B50-5CA4B2CE1762}.Release|Any CPU.ActiveCfg = Release|Any CPU
		{4EBB7C99-97C0-4808-8B50-5CA4B2CE1762}.Release|Any CPU.Build.0 = Release|Any CPU
		{E404A5A6-60F2-4FDC-8D4F-65C587F6B9A1}.Debug|Any CPU.ActiveCfg = Debug|Any CPU
		{E404A5A6-60F2-4FDC-8D4F-65C587F6B9A1}.Debug|Any CPU.Build.0 = Debug|Any CPU
		{E404A5A6-60F2-4FDC-8D4F-65C587F6B9A1}.Release|Any CPU.ActiveCfg = Release|Any CPU
		{E404A5A6-60F2-4FDC-8D4F-65C587F6B9A1}.Release|Any CPU.Build.0 = Release|Any CPU
		{0B64150B-313E-40C1-8A2A-33C43B0950F7}.Debug|Any CPU.ActiveCfg = Debug|Any CPU
		{0B64150B-313E-40C1-8A2A-33C43B0950F7}.Debug|Any CPU.Build.0 = Debug|Any CPU
		{0B64150B-313E-40C1-8A2A-33C43B0950F7}.Release|Any CPU.ActiveCfg = Release|Any CPU
		{0B64150B-313E-40C1-8A2A-33C43B0950F7}.Release|Any CPU.Build.0 = Release|Any CPU
		{44A7DD34-1661-4571-A938-70B7BD221B4A}.Debug|Any CPU.ActiveCfg = Debug|Any CPU
		{44A7DD34-1661-4571-A938-70B7BD221B4A}.Debug|Any CPU.Build.0 = Debug|Any CPU
		{44A7DD34-1661-4571-A938-70B7BD221B4A}.Release|Any CPU.ActiveCfg = Release|Any CPU
		{44A7DD34-1661-4571-A938-70B7BD221B4A}.Release|Any CPU.Build.0 = Release|Any CPU
		{C70D5990-F936-4546-BB99-1B98BCEB2BB9}.Debug|Any CPU.ActiveCfg = Debug|Any CPU
		{C70D5990-F936-4546-BB99-1B98BCEB2BB9}.Debug|Any CPU.Build.0 = Debug|Any CPU
		{C70D5990-F936-4546-BB99-1B98BCEB2BB9}.Release|Any CPU.ActiveCfg = Release|Any CPU
		{C70D5990-F936-4546-BB99-1B98BCEB2BB9}.Release|Any CPU.Build.0 = Release|Any CPU
		{AFAB12D5-4EF8-4E9A-8E74-E36568CFD572}.Debug|Any CPU.ActiveCfg = Debug|Any CPU
		{AFAB12D5-4EF8-4E9A-8E74-E36568CFD572}.Debug|Any CPU.Build.0 = Debug|Any CPU
		{AFAB12D5-4EF8-4E9A-8E74-E36568CFD572}.Release|Any CPU.ActiveCfg = Release|Any CPU
		{AFAB12D5-4EF8-4E9A-8E74-E36568CFD572}.Release|Any CPU.Build.0 = Release|Any CPU
		{70F4C9C0-6361-4D6F-91DF-31A3D46DC413}.Debug|Any CPU.ActiveCfg = Debug|Any CPU
		{70F4C9C0-6361-4D6F-91DF-31A3D46DC413}.Debug|Any CPU.Build.0 = Debug|Any CPU
		{70F4C9C0-6361-4D6F-91DF-31A3D46DC413}.Release|Any CPU.ActiveCfg = Release|Any CPU
		{70F4C9C0-6361-4D6F-91DF-31A3D46DC413}.Release|Any CPU.Build.0 = Release|Any CPU
		{4DB25CD3-7CFA-4DBF-A4EE-1F5334AD16DC}.Debug|Any CPU.ActiveCfg = Debug|Any CPU
		{4DB25CD3-7CFA-4DBF-A4EE-1F5334AD16DC}.Debug|Any CPU.Build.0 = Debug|Any CPU
		{4DB25CD3-7CFA-4DBF-A4EE-1F5334AD16DC}.Release|Any CPU.ActiveCfg = Release|Any CPU
		{4DB25CD3-7CFA-4DBF-A4EE-1F5334AD16DC}.Release|Any CPU.Build.0 = Release|Any CPU
		{5250F861-743A-4C34-955F-3683E3271B1F}.Debug|Any CPU.ActiveCfg = Debug|Any CPU
		{5250F861-743A-4C34-955F-3683E3271B1F}.Debug|Any CPU.Build.0 = Debug|Any CPU
		{5250F861-743A-4C34-955F-3683E3271B1F}.Release|Any CPU.ActiveCfg = Release|Any CPU
		{5250F861-743A-4C34-955F-3683E3271B1F}.Release|Any CPU.Build.0 = Release|Any CPU
	EndGlobalSection
	GlobalSection(SolutionProperties) = preSolution
		HideSolutionNode = FALSE
	EndGlobalSection
	GlobalSection(NestedProjects) = preSolution
		{42053BE3-A659-4519-B5D1-E57AC3CAFE00} = {199A53F2-6368-4FA8-8F08-BD4A5BE10E23}
		{9F320F46-4A40-4F07-AA0A-397A686EF67E} = {42053BE3-A659-4519-B5D1-E57AC3CAFE00}
		{1F106FB7-D6C1-49EF-9514-C5F5B687C77E} = {42053BE3-A659-4519-B5D1-E57AC3CAFE00}
		{EB1B449B-D91F-4780-A531-C0E67A0A0F16} = {42053BE3-A659-4519-B5D1-E57AC3CAFE00}
		{F9FB096B-6CD9-4698-9CAE-481735619CBA} = {42053BE3-A659-4519-B5D1-E57AC3CAFE00}
		{EF67DF3E-5D43-4BA8-8C54-EC7093C00700} = {F9FB096B-6CD9-4698-9CAE-481735619CBA}
		{3A5B692B-AEEF-4ED8-B689-BE4E2C5469C7} = {42053BE3-A659-4519-B5D1-E57AC3CAFE00}
		{08C8AB24-7406-4572-89B9-F56A72F99CD6} = {42053BE3-A659-4519-B5D1-E57AC3CAFE00}
		{75613016-DBD5-444A-B491-2488C1FAFCDD} = {3A5B692B-AEEF-4ED8-B689-BE4E2C5469C7}
		{CE098B19-A7B9-41BA-802D-C18AF15843BA} = {3A5B692B-AEEF-4ED8-B689-BE4E2C5469C7}
		{4C8523C9-A6C6-46FD-975E-1B60FC829B20} = {3A5B692B-AEEF-4ED8-B689-BE4E2C5469C7}
		{DEAFBE62-99C8-48A9-A02D-49E3345000FC} = {3A5B692B-AEEF-4ED8-B689-BE4E2C5469C7}
		{60D92C46-2EE2-4247-868A-B3B94CB9A4F7} = {3A5B692B-AEEF-4ED8-B689-BE4E2C5469C7}
		{4EBB7C99-97C0-4808-8B50-5CA4B2CE1762} = {3A5B692B-AEEF-4ED8-B689-BE4E2C5469C7}
		{797CADBE-8C40-4C2F-8CAA-E68ED3D6C624} = {3A5B692B-AEEF-4ED8-B689-BE4E2C5469C7}
		{E404A5A6-60F2-4FDC-8D4F-65C587F6B9A1} = {797CADBE-8C40-4C2F-8CAA-E68ED3D6C624}
		{A0C9E420-51E2-4159-ABEA-0465F07BF071} = {199A53F2-6368-4FA8-8F08-BD4A5BE10E23}
		{DC48D60A-0C54-4146-A7C3-DA21BFE9AF4D} = {199A53F2-6368-4FA8-8F08-BD4A5BE10E23}
		{0B64150B-313E-40C1-8A2A-33C43B0950F7} = {A0C9E420-51E2-4159-ABEA-0465F07BF071}
		{44A7DD34-1661-4571-A938-70B7BD221B4A} = {DC48D60A-0C54-4146-A7C3-DA21BFE9AF4D}
		{26375E5F-ED34-4A32-ACA1-3177BB6B71EF} = {A0C9E420-51E2-4159-ABEA-0465F07BF071}
		{C70D5990-F936-4546-BB99-1B98BCEB2BB9} = {26375E5F-ED34-4A32-ACA1-3177BB6B71EF}
		{AFAB12D5-4EF8-4E9A-8E74-E36568CFD572} = {A0C9E420-51E2-4159-ABEA-0465F07BF071}
		{70F4C9C0-6361-4D6F-91DF-31A3D46DC413} = {A0C9E420-51E2-4159-ABEA-0465F07BF071}
		{4DB25CD3-7CFA-4DBF-A4EE-1F5334AD16DC} = {A0C9E420-51E2-4159-ABEA-0465F07BF071}
		{9C137CBB-B2AE-426F-B4BE-F39C6FE2F2DC} = {A0C9E420-51E2-4159-ABEA-0465F07BF071}
		{5250F861-743A-4C34-955F-3683E3271B1F} = {9C137CBB-B2AE-426F-B4BE-F39C6FE2F2DC}
	EndGlobalSection
	GlobalSection(ExtensibilityGlobals) = postSolution
		SolutionGuid = {5D212612-1D54-47B7-B26C-D136154ECEA9}
	EndGlobalSection
EndGlobal
