
Microsoft Visual Studio Solution File, Format Version 12.00
# Visual Studio 15
VisualStudioVersion = 15.0.28010.2046
MinimumVisualStudioVersion = 10.0.40219.1
Project("{FAE04EC0-301F-11D3-BF4B-00C04F79EFBC}") = "IFCAnServiceBusMdl", "IFCAnServiceBusMdl\IFCAnServiceBusMdl.csproj", "{82A51A3C-8FF6-492B-969F-7EB8B4A0248B}"
EndProject
Project("{2150E333-8FDC-42A3-9474-1A3956D46DE8}") = "Test", "Test", "{199A53F2-6368-4FA8-8F08-BD4A5BE10E23}"
EndProject
Project("{9A19103F-16F7-4668-BE54-9A1E7A4F7556}") = "quarrierAbpMvcApp.Application", "..\Test\src\quarrierAbpMvcApp.Application\quarrierAbpMvcApp.Application.csproj", "{8E0F50A8-70AE-43CD-AED9-906205A018DA}"
EndProject
Project("{9A19103F-16F7-4668-BE54-9A1E7A4F7556}") = "quarrierAbpMvcApp.Domain", "..\Test\src\quarrierAbpMvcApp.Domain\quarrierAbpMvcApp.Domain.csproj", "{90DE8CC1-4DBB-4FEA-95E6-662CEAD445E5}"
EndProject
Project("{9A19103F-16F7-4668-BE54-9A1E7A4F7556}") = "quarrierAbpMvcApp.EntityFrameworkCore", "..\Test\src\quarrierAbpMvcApp.EntityFrameworkCore\quarrierAbpMvcApp.EntityFrameworkCore.csproj", "{25E440CE-2D24-4990-B390-EAC590D97B68}"
EndProject
Project("{9A19103F-16F7-4668-BE54-9A1E7A4F7556}") = "quarrierAbpMvcApp.Web", "..\Test\src\quarrierAbpMvcApp.Web\quarrierAbpMvcApp.Web.csproj", "{3416A5A3-4CB9-4C52-9F34-F8B4AFE34673}"
EndProject
Project("{2150E333-8FDC-42A3-9474-1A3956D46DE8}") = "TestCase", "TestCase", "{42053BE3-A659-4519-B5D1-E57AC3CAFE00}"
EndProject
Project("{FAE04EC0-301F-11D3-BF4B-00C04F79EFBC}") = "XUnitAbpEventBus", "XUnitAbpEventBus\XUnitAbpEventBus.csproj", "{9F320F46-4A40-4F07-AA0A-397A686EF67E}"
EndProject
Global
	GlobalSection(SolutionConfigurationPlatforms) = preSolution
		Debug|Any CPU = Debug|Any CPU
		Release|Any CPU = Release|Any CPU
	EndGlobalSection
	GlobalSection(ProjectConfigurationPlatforms) = postSolution
		{82A51A3C-8FF6-492B-969F-7EB8B4A0248B}.Debug|Any CPU.ActiveCfg = Debug|Any CPU
		{82A51A3C-8FF6-492B-969F-7EB8B4A0248B}.Debug|Any CPU.Build.0 = Debug|Any CPU
		{82A51A3C-8FF6-492B-969F-7EB8B4A0248B}.Release|Any CPU.ActiveCfg = Release|Any CPU
		{82A51A3C-8FF6-492B-969F-7EB8B4A0248B}.Release|Any CPU.Build.0 = Release|Any CPU
		{8E0F50A8-70AE-43CD-AED9-906205A018DA}.Debug|Any CPU.ActiveCfg = Debug|Any CPU
		{8E0F50A8-70AE-43CD-AED9-906205A018DA}.Debug|Any CPU.Build.0 = Debug|Any CPU
		{8E0F50A8-70AE-43CD-AED9-906205A018DA}.Release|Any CPU.ActiveCfg = Release|Any CPU
		{8E0F50A8-70AE-43CD-AED9-906205A018DA}.Release|Any CPU.Build.0 = Release|Any CPU
		{90DE8CC1-4DBB-4FEA-95E6-662CEAD445E5}.Debug|Any CPU.ActiveCfg = Debug|Any CPU
		{90DE8CC1-4DBB-4FEA-95E6-662CEAD445E5}.Debug|Any CPU.Build.0 = Debug|Any CPU
		{90DE8CC1-4DBB-4FEA-95E6-662CEAD445E5}.Release|Any CPU.ActiveCfg = Release|Any CPU
		{90DE8CC1-4DBB-4FEA-95E6-662CEAD445E5}.Release|Any CPU.Build.0 = Release|Any CPU
		{25E440CE-2D24-4990-B390-EAC590D97B68}.Debug|Any CPU.ActiveCfg = Debug|Any CPU
		{25E440CE-2D24-4990-B390-EAC590D97B68}.Debug|Any CPU.Build.0 = Debug|Any CPU
		{25E440CE-2D24-4990-B390-EAC590D97B68}.Release|Any CPU.ActiveCfg = Release|Any CPU
		{25E440CE-2D24-4990-B390-EAC590D97B68}.Release|Any CPU.Build.0 = Release|Any CPU
		{3416A5A3-4CB9-4C52-9F34-F8B4AFE34673}.Debug|Any CPU.ActiveCfg = Debug|Any CPU
		{3416A5A3-4CB9-4C52-9F34-F8B4AFE34673}.Debug|Any CPU.Build.0 = Debug|Any CPU
		{3416A5A3-4CB9-4C52-9F34-F8B4AFE34673}.Release|Any CPU.ActiveCfg = Release|Any CPU
		{3416A5A3-4CB9-4C52-9F34-F8B4AFE34673}.Release|Any CPU.Build.0 = Release|Any CPU
		{9F320F46-4A40-4F07-AA0A-397A686EF67E}.Debug|Any CPU.ActiveCfg = Debug|Any CPU
		{9F320F46-4A40-4F07-AA0A-397A686EF67E}.Debug|Any CPU.Build.0 = Debug|Any CPU
		{9F320F46-4A40-4F07-AA0A-397A686EF67E}.Release|Any CPU.ActiveCfg = Release|Any CPU
		{9F320F46-4A40-4F07-AA0A-397A686EF67E}.Release|Any CPU.Build.0 = Release|Any CPU
	EndGlobalSection
	GlobalSection(SolutionProperties) = preSolution
		HideSolutionNode = FALSE
	EndGlobalSection
	GlobalSection(NestedProjects) = preSolution
		{8E0F50A8-70AE-43CD-AED9-906205A018DA} = {199A53F2-6368-4FA8-8F08-BD4A5BE10E23}
		{90DE8CC1-4DBB-4FEA-95E6-662CEAD445E5} = {199A53F2-6368-4FA8-8F08-BD4A5BE10E23}
		{25E440CE-2D24-4990-B390-EAC590D97B68} = {199A53F2-6368-4FA8-8F08-BD4A5BE10E23}
		{3416A5A3-4CB9-4C52-9F34-F8B4AFE34673} = {199A53F2-6368-4FA8-8F08-BD4A5BE10E23}
		{42053BE3-A659-4519-B5D1-E57AC3CAFE00} = {199A53F2-6368-4FA8-8F08-BD4A5BE10E23}
		{9F320F46-4A40-4F07-AA0A-397A686EF67E} = {42053BE3-A659-4519-B5D1-E57AC3CAFE00}
	EndGlobalSection
	GlobalSection(ExtensibilityGlobals) = postSolution
		SolutionGuid = {5D212612-1D54-47B7-B26C-D136154ECEA9}
	EndGlobalSection
EndGlobal
